// !$*UTF8*$!
{
	archiveVersion = 1;
	classes = {
	};
	objectVersion = 50;
	objects = {

/* Begin PBXBuildFile section */
		5A9A752D248FCC5900FDD8D5 /* AppDelegate.swift in Sources */ = {isa = PBXBuildFile; fileRef = 5A9A752C248FCC5900FDD8D5 /* AppDelegate.swift */; };
		5A9A752F248FCC5900FDD8D5 /* SceneDelegate.swift in Sources */ = {isa = PBXBuildFile; fileRef = 5A9A752E248FCC5900FDD8D5 /* SceneDelegate.swift */; };
		5A9A7531248FCC5900FDD8D5 /* ContentView.swift in Sources */ = {isa = PBXBuildFile; fileRef = 5A9A7530248FCC5900FDD8D5 /* ContentView.swift */; };
		5A9A7533248FCC5B00FDD8D5 /* Assets.xcassets in Resources */ = {isa = PBXBuildFile; fileRef = 5A9A7532248FCC5B00FDD8D5 /* Assets.xcassets */; };
		5A9A7536248FCC5B00FDD8D5 /* Preview Assets.xcassets in Resources */ = {isa = PBXBuildFile; fileRef = 5A9A7535248FCC5B00FDD8D5 /* Preview Assets.xcassets */; };
		5A9A7539248FCC5B00FDD8D5 /* LaunchScreen.storyboard in Resources */ = {isa = PBXBuildFile; fileRef = 5A9A7537248FCC5B00FDD8D5 /* LaunchScreen.storyboard */; };
		5A9A7541248FD3EF00FDD8D5 /* dLog.swift in Sources */ = {isa = PBXBuildFile; fileRef = 5A9A7540248FD3EF00FDD8D5 /* dLog.swift */; };
		5A9A7544248FD4E100FDD8D5 /* Habit.swift in Sources */ = {isa = PBXBuildFile; fileRef = 5A9A7543248FD4E100FDD8D5 /* Habit.swift */; };
		5A9A7546248FD55A00FDD8D5 /* HabitPersistence.swift in Sources */ = {isa = PBXBuildFile; fileRef = 5A9A7545248FD55A00FDD8D5 /* HabitPersistence.swift */; };
		5A9A7548248FD7EB00FDD8D5 /* HabitOrganizer.swift in Sources */ = {isa = PBXBuildFile; fileRef = 5A9A7547248FD7EB00FDD8D5 /* HabitOrganizer.swift */; };
		5A9A754A248FDB5400FDD8D5 /* HabitNotifier.swift in Sources */ = {isa = PBXBuildFile; fileRef = 5A9A7549248FDB5400FDD8D5 /* HabitNotifier.swift */; };
		5A9A754C248FE0C400FDD8D5 /* HabitTaskScheduler.swift in Sources */ = {isa = PBXBuildFile; fileRef = 5A9A754B248FE0C400FDD8D5 /* HabitTaskScheduler.swift */; };
		5A9A754F248FE5E100FDD8D5 /* FollowList.swift in Sources */ = {isa = PBXBuildFile; fileRef = 5A9A754E248FE5E100FDD8D5 /* FollowList.swift */; };
		5A9A7551248FE7B900FDD8D5 /* FollowAddHabit.swift in Sources */ = {isa = PBXBuildFile; fileRef = 5A9A7550248FE7B900FDD8D5 /* FollowAddHabit.swift */; };
		5AA460A524932B5000029343 /* Firework.swift in Sources */ = {isa = PBXBuildFile; fileRef = 5AA460A424932B5000029343 /* Firework.swift */; };
/* End PBXBuildFile section */

/* Begin PBXFileReference section */
		5A9A7529248FCC5900FDD8D5 /* Follow.app */ = {isa = PBXFileReference; explicitFileType = wrapper.application; includeInIndex = 0; path = Follow.app; sourceTree = BUILT_PRODUCTS_DIR; };
		5A9A752C248FCC5900FDD8D5 /* AppDelegate.swift */ = {isa = PBXFileReference; lastKnownFileType = sourcecode.swift; path = AppDelegate.swift; sourceTree = "<group>"; };
		5A9A752E248FCC5900FDD8D5 /* SceneDelegate.swift */ = {isa = PBXFileReference; lastKnownFileType = sourcecode.swift; path = SceneDelegate.swift; sourceTree = "<group>"; };
		5A9A7530248FCC5900FDD8D5 /* ContentView.swift */ = {isa = PBXFileReference; lastKnownFileType = sourcecode.swift; path = ContentView.swift; sourceTree = "<group>"; };
		5A9A7532248FCC5B00FDD8D5 /* Assets.xcassets */ = {isa = PBXFileReference; lastKnownFileType = folder.assetcatalog; path = Assets.xcassets; sourceTree = "<group>"; };
		5A9A7535248FCC5B00FDD8D5 /* Preview Assets.xcassets */ = {isa = PBXFileReference; lastKnownFileType = folder.assetcatalog; path = "Preview Assets.xcassets"; sourceTree = "<group>"; };
		5A9A7538248FCC5B00FDD8D5 /* Base */ = {isa = PBXFileReference; lastKnownFileType = file.storyboard; name = Base; path = Base.lproj/LaunchScreen.storyboard; sourceTree = "<group>"; };
		5A9A753A248FCC5B00FDD8D5 /* Info.plist */ = {isa = PBXFileReference; lastKnownFileType = text.plist.xml; path = Info.plist; sourceTree = "<group>"; };
		5A9A7540248FD3EF00FDD8D5 /* dLog.swift */ = {isa = PBXFileReference; fileEncoding = 4; lastKnownFileType = sourcecode.swift; path = dLog.swift; sourceTree = "<group>"; };
		5A9A7543248FD4E100FDD8D5 /* Habit.swift */ = {isa = PBXFileReference; lastKnownFileType = sourcecode.swift; path = Habit.swift; sourceTree = "<group>"; };
		5A9A7545248FD55A00FDD8D5 /* HabitPersistence.swift */ = {isa = PBXFileReference; lastKnownFileType = sourcecode.swift; path = HabitPersistence.swift; sourceTree = "<group>"; };
		5A9A7547248FD7EB00FDD8D5 /* HabitOrganizer.swift */ = {isa = PBXFileReference; lastKnownFileType = sourcecode.swift; path = HabitOrganizer.swift; sourceTree = "<group>"; };
		5A9A7549248FDB5400FDD8D5 /* HabitNotifier.swift */ = {isa = PBXFileReference; lastKnownFileType = sourcecode.swift; path = HabitNotifier.swift; sourceTree = "<group>"; };
		5A9A754B248FE0C400FDD8D5 /* HabitTaskScheduler.swift */ = {isa = PBXFileReference; lastKnownFileType = sourcecode.swift; path = HabitTaskScheduler.swift; sourceTree = "<group>"; };
		5A9A754E248FE5E100FDD8D5 /* FollowList.swift */ = {isa = PBXFileReference; lastKnownFileType = sourcecode.swift; path = FollowList.swift; sourceTree = "<group>"; };
		5A9A7550248FE7B900FDD8D5 /* FollowAddHabit.swift */ = {isa = PBXFileReference; lastKnownFileType = sourcecode.swift; path = FollowAddHabit.swift; sourceTree = "<group>"; };
		5AA460A424932B5000029343 /* Firework.swift */ = {isa = PBXFileReference; fileEncoding = 4; lastKnownFileType = sourcecode.swift; name = Firework.swift; path = ../../../../../Downloads/Feeling_Fireworks/Feeling_Fireworks/Firework.swift; sourceTree = "<group>"; };
/* End PBXFileReference section */

/* Begin PBXFrameworksBuildPhase section */
		5A9A7526248FCC5900FDD8D5 /* Frameworks */ = {
			isa = PBXFrameworksBuildPhase;
			buildActionMask = 2147483647;
			files = (
			);
			runOnlyForDeploymentPostprocessing = 0;
		};
/* End PBXFrameworksBuildPhase section */

/* Begin PBXGroup section */
		5A9A7520248FCC5900FDD8D5 = {
			isa = PBXGroup;
			children = (
				5A9A752B248FCC5900FDD8D5 /* Follow */,
				5A9A752A248FCC5900FDD8D5 /* Products */,
			);
			sourceTree = "<group>";
		};
		5A9A752A248FCC5900FDD8D5 /* Products */ = {
			isa = PBXGroup;
			children = (
				5A9A7529248FCC5900FDD8D5 /* Follow.app */,
			);
			name = Products;
			sourceTree = "<group>";
		};
		5A9A752B248FCC5900FDD8D5 /* Follow */ = {
			isa = PBXGroup;
			children = (
				5A9A7542248FD4D900FDD8D5 /* Model */,
				5A9A752C248FCC5900FDD8D5 /* AppDelegate.swift */,
				5A9A7540248FD3EF00FDD8D5 /* dLog.swift */,
				5A9A752E248FCC5900FDD8D5 /* SceneDelegate.swift */,
				5A9A754D248FE59E00FDD8D5 /* UI */,
				5A9A7532248FCC5B00FDD8D5 /* Assets.xcassets */,
				5A9A7537248FCC5B00FDD8D5 /* LaunchScreen.storyboard */,
				5A9A753A248FCC5B00FDD8D5 /* Info.plist */,
				5A9A7534248FCC5B00FDD8D5 /* Preview Content */,
			);
			path = Follow;
			sourceTree = "<group>";
		};
		5A9A7534248FCC5B00FDD8D5 /* Preview Content */ = {
			isa = PBXGroup;
			children = (
				5A9A7535248FCC5B00FDD8D5 /* Preview Assets.xcassets */,
			);
			path = "Preview Content";
			sourceTree = "<group>";
		};
		5A9A7542248FD4D900FDD8D5 /* Model */ = {
			isa = PBXGroup;
			children = (
				5A9A7543248FD4E100FDD8D5 /* Habit.swift */,
				5A9A7545248FD55A00FDD8D5 /* HabitPersistence.swift */,
				5A9A7547248FD7EB00FDD8D5 /* HabitOrganizer.swift */,
				5A9A7549248FDB5400FDD8D5 /* HabitNotifier.swift */,
				5A9A754B248FE0C400FDD8D5 /* HabitTaskScheduler.swift */,
			);
			path = Model;
			sourceTree = "<group>";
		};
		5A9A754D248FE59E00FDD8D5 /* UI */ = {
			isa = PBXGroup;
			children = (
				5A9A7530248FCC5900FDD8D5 /* ContentView.swift */,
				5AA460A424932B5000029343 /* Firework.swift */,
				5A9A754E248FE5E100FDD8D5 /* FollowList.swift */,
				5A9A7550248FE7B900FDD8D5 /* FollowAddHabit.swift */,
			);
			path = UI;
			sourceTree = "<group>";
		};
/* End PBXGroup section */

/* Begin PBXNativeTarget section */
		5A9A7528248FCC5900FDD8D5 /* Follow */ = {
			isa = PBXNativeTarget;
			buildConfigurationList = 5A9A753D248FCC5B00FDD8D5 /* Build configuration list for PBXNativeTarget "Follow" */;
			buildPhases = (
				5A9A7525248FCC5900FDD8D5 /* Sources */,
				5A9A7526248FCC5900FDD8D5 /* Frameworks */,
				5A9A7527248FCC5900FDD8D5 /* Resources */,
			);
			buildRules = (
			);
			dependencies = (
			);
			name = Follow;
			productName = Follow;
			productReference = 5A9A7529248FCC5900FDD8D5 /* Follow.app */;
			productType = "com.apple.product-type.application";
		};
/* End PBXNativeTarget section */

/* Begin PBXProject section */
		5A9A7521248FCC5900FDD8D5 /* Project object */ = {
			isa = PBXProject;
			attributes = {
				LastSwiftUpdateCheck = 1140;
				LastUpgradeCheck = 1140;
				ORGANIZATIONNAME = "Hunter Eisler";
				TargetAttributes = {
					5A9A7528248FCC5900FDD8D5 = {
						CreatedOnToolsVersion = 11.4.1;
					};
				};
			};
			buildConfigurationList = 5A9A7524248FCC5900FDD8D5 /* Build configuration list for PBXProject "Follow" */;
			compatibilityVersion = "Xcode 9.3";
			developmentRegion = en;
			hasScannedForEncodings = 0;
			knownRegions = (
				en,
				Base,
			);
			mainGroup = 5A9A7520248FCC5900FDD8D5;
			productRefGroup = 5A9A752A248FCC5900FDD8D5 /* Products */;
			projectDirPath = "";
			projectRoot = "";
			targets = (
				5A9A7528248FCC5900FDD8D5 /* Follow */,
			);
		};
/* End PBXProject section */

/* Begin PBXResourcesBuildPhase section */
		5A9A7527248FCC5900FDD8D5 /* Resources */ = {
			isa = PBXResourcesBuildPhase;
			buildActionMask = 2147483647;
			files = (
				5A9A7539248FCC5B00FDD8D5 /* LaunchScreen.storyboard in Resources */,
				5A9A7536248FCC5B00FDD8D5 /* Preview Assets.xcassets in Resources */,
				5A9A7533248FCC5B00FDD8D5 /* Assets.xcassets in Resources */,
			);
			runOnlyForDeploymentPostprocessing = 0;
		};
/* End PBXResourcesBuildPhase section */

/* Begin PBXSourcesBuildPhase section */
		5A9A7525248FCC5900FDD8D5 /* Sources */ = {
			isa = PBXSourcesBuildPhase;
			buildActionMask = 2147483647;
			files = (
				5A9A754C248FE0C400FDD8D5 /* HabitTaskScheduler.swift in Sources */,
				5A9A7551248FE7B900FDD8D5 /* FollowAddHabit.swift in Sources */,
				5AA460A524932B5000029343 /* Firework.swift in Sources */,
				5A9A752D248FCC5900FDD8D5 /* AppDelegate.swift in Sources */,
				5A9A7544248FD4E100FDD8D5 /* Habit.swift in Sources */,
				5A9A7546248FD55A00FDD8D5 /* HabitPersistence.swift in Sources */,
				5A9A752F248FCC5900FDD8D5 /* SceneDelegate.swift in Sources */,
				5A9A7548248FD7EB00FDD8D5 /* HabitOrganizer.swift in Sources */,
				5A9A754F248FE5E100FDD8D5 /* FollowList.swift in Sources */,
				5A9A7531248FCC5900FDD8D5 /* ContentView.swift in Sources */,
				5A9A754A248FDB5400FDD8D5 /* HabitNotifier.swift in Sources */,
				5A9A7541248FD3EF00FDD8D5 /* dLog.swift in Sources */,
			);
			runOnlyForDeploymentPostprocessing = 0;
		};
/* End PBXSourcesBuildPhase section */

/* Begin PBXVariantGroup section */
		5A9A7537248FCC5B00FDD8D5 /* LaunchScreen.storyboard */ = {
			isa = PBXVariantGroup;
			children = (
				5A9A7538248FCC5B00FDD8D5 /* Base */,
			);
			name = LaunchScreen.storyboard;
			sourceTree = "<group>";
		};
/* End PBXVariantGroup section */

/* Begin XCBuildConfiguration section */
		5A9A753B248FCC5B00FDD8D5 /* Debug */ = {
			isa = XCBuildConfiguration;
			buildSettings = {
				ALWAYS_SEARCH_USER_PATHS = NO;
				CLANG_ANALYZER_NONNULL = YES;
				CLANG_ANALYZER_NUMBER_OBJECT_CONVERSION = YES_AGGRESSIVE;
				CLANG_CXX_LANGUAGE_STANDARD = "gnu++14";
				CLANG_CXX_LIBRARY = "libc++";
				CLANG_ENABLE_MODULES = YES;
				CLANG_ENABLE_OBJC_ARC = YES;
				CLANG_ENABLE_OBJC_WEAK = YES;
				CLANG_WARN_BLOCK_CAPTURE_AUTORELEASING = YES;
				CLANG_WARN_BOOL_CONVERSION = YES;
				CLANG_WARN_COMMA = YES;
				CLANG_WARN_CONSTANT_CONVERSION = YES;
				CLANG_WARN_DEPRECATED_OBJC_IMPLEMENTATIONS = YES;
				CLANG_WARN_DIRECT_OBJC_ISA_USAGE = YES_ERROR;
				CLANG_WARN_DOCUMENTATION_COMMENTS = YES;
				CLANG_WARN_EMPTY_BODY = YES;
				CLANG_WARN_ENUM_CONVERSION = YES;
				CLANG_WARN_INFINITE_RECURSION = YES;
				CLANG_WARN_INT_CONVERSION = YES;
				CLANG_WARN_NON_LITERAL_NULL_CONVERSION = YES;
				CLANG_WARN_OBJC_IMPLICIT_RETAIN_SELF = YES;
				CLANG_WARN_OBJC_LITERAL_CONVERSION = YES;
				CLANG_WARN_OBJC_ROOT_CLASS = YES_ERROR;
				CLANG_WARN_RANGE_LOOP_ANALYSIS = YES;
				CLANG_WARN_STRICT_PROTOTYPES = YES;
				CLANG_WARN_SUSPICIOUS_MOVE = YES;
				CLANG_WARN_UNGUARDED_AVAILABILITY = YES_AGGRESSIVE;
				CLANG_WARN_UNREACHABLE_CODE = YES;
				CLANG_WARN__DUPLICATE_METHOD_MATCH = YES;
				COPY_PHASE_STRIP = NO;
				DEBUG_INFORMATION_FORMAT = dwarf;
				ENABLE_STRICT_OBJC_MSGSEND = YES;
				ENABLE_TESTABILITY = YES;
				GCC_C_LANGUAGE_STANDARD = gnu11;
				GCC_DYNAMIC_NO_PIC = NO;
				GCC_NO_COMMON_BLOCKS = YES;
				GCC_OPTIMIZATION_LEVEL = 0;
				GCC_PREPROCESSOR_DEFINITIONS = (
					"DEBUG=1",
					"$(inherited)",
				);
				GCC_WARN_64_TO_32_BIT_CONVERSION = YES;
				GCC_WARN_ABOUT_RETURN_TYPE = YES_ERROR;
				GCC_WARN_UNDECLARED_SELECTOR = YES;
				GCC_WARN_UNINITIALIZED_AUTOS = YES_AGGRESSIVE;
				GCC_WARN_UNUSED_FUNCTION = YES;
				GCC_WARN_UNUSED_VARIABLE = YES;
				IPHONEOS_DEPLOYMENT_TARGET = 13.4;
				MTL_ENABLE_DEBUG_INFO = INCLUDE_SOURCE;
				MTL_FAST_MATH = YES;
				ONLY_ACTIVE_ARCH = YES;
				SDKROOT = iphoneos;
				SWIFT_ACTIVE_COMPILATION_CONDITIONS = DEBUG;
				SWIFT_OPTIMIZATION_LEVEL = "-Onone";
			};
			name = Debug;
		};
		5A9A753C248FCC5B00FDD8D5 /* Release */ = {
			isa = XCBuildConfiguration;
			buildSettings = {
				ALWAYS_SEARCH_USER_PATHS = NO;
				CLANG_ANALYZER_NONNULL = YES;
				CLANG_ANALYZER_NUMBER_OBJECT_CONVERSION = YES_AGGRESSIVE;
				CLANG_CXX_LANGUAGE_STANDARD = "gnu++14";
				CLANG_CXX_LIBRARY = "libc++";
				CLANG_ENABLE_MODULES = YES;
				CLANG_ENABLE_OBJC_ARC = YES;
				CLANG_ENABLE_OBJC_WEAK = YES;
				CLANG_WARN_BLOCK_CAPTURE_AUTORELEASING = YES;
				CLANG_WARN_BOOL_CONVERSION = YES;
				CLANG_WARN_COMMA = YES;
				CLANG_WARN_CONSTANT_CONVERSION = YES;
				CLANG_WARN_DEPRECATED_OBJC_IMPLEMENTATIONS = YES;
				CLANG_WARN_DIRECT_OBJC_ISA_USAGE = YES_ERROR;
				CLANG_WARN_DOCUMENTATION_COMMENTS = YES;
				CLANG_WARN_EMPTY_BODY = YES;
				CLANG_WARN_ENUM_CONVERSION = YES;
				CLANG_WARN_INFINITE_RECURSION = YES;
				CLANG_WARN_INT_CONVERSION = YES;
				CLANG_WARN_NON_LITERAL_NULL_CONVERSION = YES;
				CLANG_WARN_OBJC_IMPLICIT_RETAIN_SELF = YES;
				CLANG_WARN_OBJC_LITERAL_CONVERSION = YES;
				CLANG_WARN_OBJC_ROOT_CLASS = YES_ERROR;
				CLANG_WARN_RANGE_LOOP_ANALYSIS = YES;
				CLANG_WARN_STRICT_PROTOTYPES = YES;
				CLANG_WARN_SUSPICIOUS_MOVE = YES;
				CLANG_WARN_UNGUARDED_AVAILABILITY = YES_AGGRESSIVE;
				CLANG_WARN_UNREACHABLE_CODE = YES;
				CLANG_WARN__DUPLICATE_METHOD_MATCH = YES;
				COPY_PHASE_STRIP = NO;
				DEBUG_INFORMATION_FORMAT = "dwarf-with-dsym";
				ENABLE_NS_ASSERTIONS = NO;
				ENABLE_STRICT_OBJC_MSGSEND = YES;
				GCC_C_LANGUAGE_STANDARD = gnu11;
				GCC_NO_COMMON_BLOCKS = YES;
				GCC_WARN_64_TO_32_BIT_CONVERSION = YES;
				GCC_WARN_ABOUT_RETURN_TYPE = YES_ERROR;
				GCC_WARN_UNDECLARED_SELECTOR = YES;
				GCC_WARN_UNINITIALIZED_AUTOS = YES_AGGRESSIVE;
				GCC_WARN_UNUSED_FUNCTION = YES;
				GCC_WARN_UNUSED_VARIABLE = YES;
				IPHONEOS_DEPLOYMENT_TARGET = 13.4;
				MTL_ENABLE_DEBUG_INFO = NO;
				MTL_FAST_MATH = YES;
				SDKROOT = iphoneos;
				SWIFT_COMPILATION_MODE = wholemodule;
				SWIFT_OPTIMIZATION_LEVEL = "-O";
				VALIDATE_PRODUCT = YES;
			};
			name = Release;
		};
		5A9A753E248FCC5B00FDD8D5 /* Debug */ = {
			isa = XCBuildConfiguration;
			buildSettings = {
				ASSETCATALOG_COMPILER_APPICON_NAME = AppIcon;
				CODE_SIGN_STYLE = Automatic;
				DEVELOPMENT_ASSET_PATHS = "\"Follow/Preview Content\"";
				DEVELOPMENT_TEAM = TN69P7NFS6;
				ENABLE_PREVIEWS = YES;
				INFOPLIST_FILE = Follow/Info.plist;
				IPHONEOS_DEPLOYMENT_TARGET = 13.0;
				LD_RUNPATH_SEARCH_PATHS = (
					"$(inherited)",
					"@executable_path/Frameworks",
				);
				PRODUCT_BUNDLE_IDENTIFIER = com.eisler.Follow;
				PRODUCT_NAME = "$(TARGET_NAME)";
				SWIFT_VERSION = 5.0;
				TARGETED_DEVICE_FAMILY = "1,2";
			};
			name = Debug;
		};
		5A9A753F248FCC5B00FDD8D5 /* Release */ = {
			isa = XCBuildConfiguration;
			buildSettings = {
				ASSETCATALOG_COMPILER_APPICON_NAME = AppIcon;
				CODE_SIGN_STYLE = Automatic;
				DEVELOPMENT_ASSET_PATHS = "\"Follow/Preview Content\"";
				DEVELOPMENT_TEAM = TN69P7NFS6;
				ENABLE_PREVIEWS = YES;
				INFOPLIST_FILE = Follow/Info.plist;
				IPHONEOS_DEPLOYMENT_TARGET = 13.0;
				LD_RUNPATH_SEARCH_PATHS = (
					"$(inherited)",
					"@executable_path/Frameworks",
				);
				PRODUCT_BUNDLE_IDENTIFIER = com.eisler.Follow;
				PRODUCT_NAME = "$(TARGET_NAME)";
				SWIFT_VERSION = 5.0;
				TARGETED_DEVICE_FAMILY = "1,2";
			};
			name = Release;
		};
/* End XCBuildConfiguration section */

/* Begin XCConfigurationList section */
		5A9A7524248FCC5900FDD8D5 /* Build configuration list for PBXProject "Follow" */ = {
			isa = XCConfigurationList;
			buildConfigurations = (
				5A9A753B248FCC5B00FDD8D5 /* Debug */,
				5A9A753C248FCC5B00FDD8D5 /* Release */,
			);
			defaultConfigurationIsVisible = 0;
			defaultConfigurationName = Release;
		};
		5A9A753D248FCC5B00FDD8D5 /* Build configuration list for PBXNativeTarget "Follow" */ = {
			isa = XCConfigurationList;
			buildConfigurations = (
				5A9A753E248FCC5B00FDD8D5 /* Debug */,
				5A9A753F248FCC5B00FDD8D5 /* Release */,
			);
			defaultConfigurationIsVisible = 0;
			defaultConfigurationName = Release;
		};
/* End XCConfigurationList section */
	};
	rootObject = 5A9A7521248FCC5900FDD8D5 /* Project object */;
}
